
Microsoft Visual Studio Solution File, Format Version 12.00
# Visual Studio Version 17
VisualStudioVersion = 17.5.33502.453
MinimumVisualStudioVersion = 10.0.40219.1
Project("{FAE04EC0-301F-11D3-BF4B-00C04F79EFBC}") = "Traffic Lights V6", "Traffic Lights V6.csproj", "{9F262464-2069-4E86-BEFD-C82DD2758376}"
EndProject
Global
	GlobalSection(SolutionConfigurationPlatforms) = preSolution
		Debug|Any CPU = Debug|Any CPU
		Release|Any CPU = Release|Any CPU
	EndGlobalSection
	GlobalSection(ProjectConfigurationPlatforms) = postSolution
		{9F262464-2069-4E86-BEFD-C82DD2758376}.Debug|Any CPU.ActiveCfg = Debug|Any CPU
		{9F262464-2069-4E86-BEFD-C82DD2758376}.Debug|Any CPU.Build.0 = Debug|Any CPU
		{9F262464-2069-4E86-BEFD-C82DD2758376}.Release|Any CPU.ActiveCfg = Release|Any CPU
		{9F262464-2069-4E86-BEFD-C82DD2758376}.Release|Any CPU.Build.0 = Release|Any CPU
	EndGlobalSection
	GlobalSection(SolutionProperties) = preSolution
		HideSolutionNode = FALSE
	EndGlobalSection
	GlobalSection(ExtensibilityGlobals) = postSolution
		SolutionGuid = {BB4966DF-13A8-4922-87BF-3CD43FAD86B8}
	EndGlobalSection
EndGlobal
